{
  "name": "oidc",
  "version": "1.0.0",
  "lockfileVersion": 2,
  "requires": true,
  "packages": {
    "": {
      "name": "oidc",
      "version": "1.0.0",
      "license": "ISC",
      "workspaces": [
        "./packages/*"
      ]
    },
    "node_modules/@oidc/authorization-server": {
      "resolved": "packages/authorization-server",
      "link": true
    },
    "packages/authorization-server": {
      "version": "1.0.0",
      "license": "ISC"
    }
  },
  "dependencies": {
    "@oidc/authorization-server": {
      "version": "file:packages/authorization-server"
    }
  }
}
